
Microsoft Visual Studio Solution File, Format Version 12.00
# Visual Studio Version 17
VisualStudioVersion = 17.13.35806.99 d17.13
MinimumVisualStudioVersion = 10.0.40219.1
Project("{FAE04EC0-301F-11D3-BF4B-00C04F79EFBC}") = "GestionHospitalisation", "GestionHospitalisation\GestionHospitalisation.csproj", "{77407C8D-2419-4D29-994E-9EF22C262F88}"
EndProject
Global
	GlobalSection(SolutionConfigurationPlatforms) = preSolution
		Debug|Any CPU = Debug|Any CPU
		Release|Any CPU = Release|Any CPU
	EndGlobalSection
	GlobalSection(ProjectConfigurationPlatforms) = postSolution
		{77407C8D-2419-4D29-994E-9EF22C262F88}.Debug|Any CPU.ActiveCfg = Debug|Any CPU
		{77407C8D-2419-4D29-994E-9EF22C262F88}.Debug|Any CPU.Build.0 = Debug|Any CPU
		{77407C8D-2419-4D29-994E-9EF22C262F88}.Release|Any CPU.ActiveCfg = Release|Any CPU
		{77407C8D-2419-4D29-994E-9EF22C262F88}.Release|Any CPU.Build.0 = Release|Any CPU
	EndGlobalSection
	GlobalSection(SolutionProperties) = preSolution
		HideSolutionNode = FALSE
	EndGlobalSection
	GlobalSection(ExtensibilityGlobals) = postSolution
		SolutionGuid = {19CC8A1B-955B-4467-9F82-9B314DE4A425}
	EndGlobalSection
EndGlobal
